# THIS IS AN AUTOGENERATED FILE. DO NOT EDIT THIS FILE DIRECTLY.
# yarn lockfile v1


"@trycourier/courier@^3.5.0":
  version "3.5.0"
  resolved "https://registry.yarnpkg.com/@trycourier/courier/-/courier-3.5.0.tgz#12d2e443b934a1768443d72fe4fa9bf4dc1c0475"
  integrity sha512-NkODbfdf9mG2kge8mle7ssEi6CDqU6wSajJXOqGahHnB/9PV2p3jMVhG7ZPQSNmAkUU04SbbqOW3zHbeZpWdcw==
  dependencies:
    axios "^0.21.1"

axios@^0.21.1:
  version "0.21.4"
  resolved "https://registry.yarnpkg.com/axios/-/axios-0.21.4.tgz#c67b90dc0568e5c1cf2b0b858c43ba28e2eda575"
  integrity sha512-ut5vewkiu8jjGBdqpM44XxjuCjq9LAKeHVmoVfHVzy8eHgxxq8SbAVQNovDA8mVi05kP0Ea/n/UzcSHcTJQfNg==
  dependencies:
    follow-redirects "^1.14.0"

follow-redirects@^1.14.0:
  version "1.14.8"
  resolved "https://registry.yarnpkg.com/follow-redirects/-/follow-redirects-1.14.8.tgz#016996fb9a11a100566398b1c6839337d7bfa8fc"
  integrity sha512-1x0S9UVJHsQprFcEC/qnNzBLcIxsjAV905f/UkQxbclCsoTWlacCNOpQa/anodLl2uaEKFhfWOvM2Qg77+15zA==
